
Microsoft Visual Studio Solution File, Format Version 12.00
# Visual Studio Version 17
VisualStudioVersion = 17.4.33110.190
MinimumVisualStudioVersion = 10.0.40219.1
Project("{FAE04EC0-301F-11D3-BF4B-00C04F79EFBC}") = "WPF Vench Launcher", "WPF Vench Launcher\WPF Vench Launcher.csproj", "{428EDD7B-55E4-4757-BA41-75FC6C0B92C2}"
EndProject
Global
	GlobalSection(SolutionConfigurationPlatforms) = preSolution
		Debug|Any CPU = Debug|Any CPU
		Release|Any CPU = Release|Any CPU
	EndGlobalSection
	GlobalSection(ProjectConfigurationPlatforms) = postSolution
		{428EDD7B-55E4-4757-BA41-75FC6C0B92C2}.Debug|Any CPU.ActiveCfg = Debug|Any CPU
		{428EDD7B-55E4-4757-BA41-75FC6C0B92C2}.Debug|Any CPU.Build.0 = Debug|Any CPU
		{428EDD7B-55E4-4757-BA41-75FC6C0B92C2}.Release|Any CPU.ActiveCfg = Release|Any CPU
		{428EDD7B-55E4-4757-BA41-75FC6C0B92C2}.Release|Any CPU.Build.0 = Release|Any CPU
	EndGlobalSection
	GlobalSection(SolutionProperties) = preSolution
		HideSolutionNode = FALSE
	EndGlobalSection
	GlobalSection(ExtensibilityGlobals) = postSolution
		SolutionGuid = {D2765FC2-0A73-47ED-A2CF-223EC260C74E}
	EndGlobalSection
EndGlobal
